<?xml version="1.0" encoding="utf-8"?>
<Project ToolsVersion="4.0" xmlns="http://schemas.microsoft.com/developer/msbuild/2003">
  <ItemGroup>
    <Filter Include="Файлы ресурсов">
      <UniqueIdentifier>{67DA6AB6-F800-4c08-8B7A-83BB121AAD01}</UniqueIdentifier>
      <Extensions>rc;ico;cur;bmp;dlg;rc2;rct;bin;rgs;gif;jpg;jpeg;jpe;resx;tiff;tif;png;wav;mfcribbon-ms</Extensions>
    </Filter>
    <Filter Include="Windows">
      <UniqueIdentifier>{93995380-89BD-4b04-88EB-625FBE52EBFB}</UniqueIdentifier>
      <Extensions>h;hh;hpp;hxx;h++;hm;inl;inc;ipp;xsd</Extensions>
    </Filter>
    <Filter Include="Entry">
      <UniqueIdentifier>{4FC737F1-C7A5-4376-A066-2A32D752A2FF}</UniqueIdentifier>
      <Extensions>cpp;c;cc;cxx;c++;cppm;ixx;def;odl;idl;hpj;bat;asm;asmx</Extensions>
    </Filter>
    <Filter Include="Windows\program">
      <UniqueIdentifier>{6b39b16a-3f69-479e-8752-f8381d2de6c0}</UniqueIdentifier>
    </Filter>
    <Filter Include="Windows\program\graphic_core">
      <UniqueIdentifier>{eb5bb8cf-bc34-47ca-84a2-35d9e3b733dc}</UniqueIdentifier>
    </Filter>
    <Filter Include="Windows\program\graphic_core\global">
      <UniqueIdentifier>{bcfc5c8d-acd7-403c-bd70-5f92b242e330}</UniqueIdentifier>
    </Filter>
    <Filter Include="Windows\program\graphic_core\methods">
      <UniqueIdentifier>{839b5af4-4b72-4101-aebf-792fc27344f1}</UniqueIdentifier>
    </Filter>
    <Filter Include="Windows\program\widgets">
      <UniqueIdentifier>{f4b07b9e-5334-4599-a5f5-163900a01109}</UniqueIdentifier>
    </Filter>
    <Filter Include="Windows\program\graphic_core\description">
      <UniqueIdentifier>{85775084-b732-4e08-bdcb-bfecd10b1c80}</UniqueIdentifier>
    </Filter>
  </ItemGroup>
  <ItemGroup>
    <ClCompile Include="..\..\src\Entry\console.cpp">
      <Filter>Entry</Filter>
    </ClCompile>
  </ItemGroup>
  <ItemGroup>
    <ClInclude Include="..\..\src\Windows\display.hpp">
      <Filter>Windows</Filter>
    </ClInclude>
    <ClInclude Include="..\..\src\Windows\message_loop.hpp">
      <Filter>Windows</Filter>
    </ClInclude>
    <ClInclude Include="..\..\src\Windows\program\graphic_core\graphic_core.hpp">
      <Filter>Windows\program\graphic_core</Filter>
    </ClInclude>
    <ClInclude Include="..\..\src\Windows\program\graphic_core\packs.hpp">
      <Filter>Windows\program\graphic_core</Filter>
    </ClInclude>
    <ClInclude Include="..\..\src\Windows\program\graphic_core\rendering.hpp">
      <Filter>Windows\program\graphic_core</Filter>
    </ClInclude>
    <ClInclude Include="..\..\src\Windows\program\graphic_core\description\description.hpp">
      <Filter>Windows\program\graphic_core\description</Filter>
    </ClInclude>
    <ClInclude Include="..\..\src\Windows\program\graphic_core\methods\me_setLine.hpp">
      <Filter>Windows\program\graphic_core\methods</Filter>
    </ClInclude>
    <ClInclude Include="..\..\src\Windows\program\graphic_core\methods\me_setText.hpp">
      <Filter>Windows\program\graphic_core\methods</Filter>
    </ClInclude>
    <ClInclude Include="..\..\src\Windows\program\graphic_core\global\gl_axis.hpp">
      <Filter>Windows\program\graphic_core\global</Filter>
    </ClInclude>
    <ClInclude Include="..\..\src\Windows\program\graphic_core\global\gl_color.hpp">
      <Filter>Windows\program\graphic_core\global</Filter>
    </ClInclude>
    <ClInclude Include="..\..\src\Windows\program\graphic_core\global\gl_data.hpp">
      <Filter>Windows\program\graphic_core\global</Filter>
    </ClInclude>
    <ClInclude Include="..\..\src\Windows\program\graphic_core\global\gl_mouse.hpp">
      <Filter>Windows\program\graphic_core\global</Filter>
    </ClInclude>
    <ClInclude Include="..\..\src\Windows\program\graphic_core\global\gl_paint.hpp">
      <Filter>Windows\program\graphic_core\global</Filter>
    </ClInclude>
    <ClInclude Include="..\..\src\Windows\program\graphic_core\global\gl_stock.hpp">
      <Filter>Windows\program\graphic_core\global</Filter>
    </ClInclude>
    <ClInclude Include="..\..\src\Windows\program\graphic_core\global\gl_timer.hpp">
      <Filter>Windows\program\graphic_core\global</Filter>
    </ClInclude>
    <ClInclude Include="..\..\src\Windows\program\graphic_core\global\gl_wheel.hpp">
      <Filter>Windows\program\graphic_core\global</Filter>
    </ClInclude>
    <ClInclude Include="..\..\src\Windows\program\graphic_core\global\gl_widgets.hpp">
      <Filter>Windows\program\graphic_core\global</Filter>
    </ClInclude>
    <ClInclude Include="..\..\src\Windows\program\graphic_core\global\gl_windows.hpp">
      <Filter>Windows\program\graphic_core\global</Filter>
    </ClInclude>
    <ClInclude Include="..\..\src\Windows\program\widgets\events.hpp">
      <Filter>Windows\program\widgets</Filter>
    </ClInclude>
    <ClInclude Include="..\..\src\Windows\program\widgets\widgets.hpp">
      <Filter>Windows\program\widgets</Filter>
    </ClInclude>
  </ItemGroup>
</Project>